<?xml version="1.0" encoding="utf-8"?>
<Project ToolsVersion="4.0" xmlns="http://schemas.microsoft.com/developer/msbuild/2003">
  <ItemGroup>
    <Filter Include="Source Files">
      <UniqueIdentifier>{4FC737F1-C7A5-4376-A066-2A32D752A2FF}</UniqueIdentifier>
      <Extensions>cpp;c;cc;cxx;c++;cppm;ixx;def;odl;idl;hpj;bat;asm;asmx</Extensions>
    </Filter>
    <Filter Include="Header Files">
      <UniqueIdentifier>{93995380-89BD-4b04-88EB-625FBE52EBFB}</UniqueIdentifier>
      <Extensions>h;hh;hpp;hxx;h++;hm;inl;inc;ipp;xsd</Extensions>
    </Filter>
    <Filter Include="Resource Files">
      <UniqueIdentifier>{67DA6AB6-F800-4c08-8B7A-83BB121AAD01}</UniqueIdentifier>
      <Extensions>rc;ico;cur;bmp;dlg;rc2;rct;bin;rgs;gif;jpg;jpeg;jpe;resx;tiff;tif;png;wav;mfcribbon-ms</Extensions>
    </Filter>
    <Filter Include="Shaders">
      <UniqueIdentifier>{67DA6AB6-F800-4c08-8B7A-83BB121AAD02}</UniqueIdentifier>
      <Extensions>hlsl;hlsli</Extensions>
    </Filter>
  </ItemGroup>
  <ItemGroup>
    <ClInclude Include="source\Renderer\DxCheck.h">
      <Filter>Header Files</Filter>
    </ClInclude>
    <ClInclude Include="source\Renderer\GraphicsEngine.h">
      <Filter>Header Files</Filter>
    </ClInclude>
    <ClInclude Include="source\Engine\Base.h">
      <Filter>Header Files</Filter>
    </ClInclude>
    <ClInclude Include="source\Engine\Body.h">
      <Filter>Header Files</Filter>
    </ClInclude>
    <ClInclude Include="source\Engine\Material.h">
      <Filter>Header Files</Filter>
    </ClInclude>
    <ClInclude Include="source\Engine\Collider.h">
      <Filter>Header Files</Filter>
    </ClInclude>
    <ClInclude Include="source\Engine\Camera.h">
      <Filter>Header Files</Filter>
    </ClInclude>
    <ClInclude Include="source\Engine\Light.h">
      <Filter>Header Files</Filter>
    </ClInclude>
    <ClInclude Include="source\Engine\Sandbox.h">
      <Filter>Header Files</Filter>
    </ClInclude>
    <ClInclude Include="source\Engine\TerrainConfig.h">
      <Filter>Header Files</Filter>
    </ClInclude>
    <ClInclude Include="source\Engine\TerrainGenerator.h">
      <Filter>Header Files</Filter>
    </ClInclude>
    <ClInclude Include="source\Engine\TerrainMesh.h">
      <Filter>Header Files</Filter>
    </ClInclude>
    <ClInclude Include="source\Engine\Terrain.h">
      <Filter>Header Files</Filter>
    </ClInclude>
    <ClInclude Include="source\Engine\TerrainObject.h">
      <Filter>Header Files</Filter>
    </ClInclude>
    <ClInclude Include="source\Engine\UpdateContext.h">
      <Filter>Header Files</Filter>
    </ClInclude>
    <ClInclude Include="source\Maths\MathsCommon.h">
      <Filter>Header Files</Filter>
    </ClInclude>
    <ClInclude Include="source\Maths\Vec2.h">
      <Filter>Header Files</Filter>
    </ClInclude>
    <ClInclude Include="source\Maths\Vec3.h">
      <Filter>Header Files</Filter>
    </ClInclude>
    <ClInclude Include="source\Maths\Mat3x3.h">
      <Filter>Header Files</Filter>
    </ClInclude>
    <ClInclude Include="source\Maths\Mat4x4.h">
      <Filter>Header Files</Filter>
    </ClInclude>
    <ClInclude Include="source\Maths\Maths.h">
      <Filter>Header Files</Filter>
    </ClInclude>
    <ClInclude Include="source\Renderer\SceneConstantBuffer.h">
      <Filter>Header Files</Filter>
    </ClInclude>
    <ClInclude Include="source\Renderer\TextOverlay.h">
      <Filter>Header Files</Filter>
    </ClInclude>
  </ItemGroup>
  <ItemGroup>
    <ClCompile Include="source\Renderer\GraphicsEngine.cpp">
      <Filter>Source Files</Filter>
    </ClCompile>
    <ClCompile Include="source\Main.cpp">
      <Filter>Source Files</Filter>
    </ClCompile>
    <ClCompile Include="source\Engine\Base.cpp">
      <Filter>Source Files</Filter>
    </ClCompile>
    <ClCompile Include="source\Engine\Body.cpp">
      <Filter>Source Files</Filter>
    </ClCompile>
    <ClCompile Include="source\Engine\Material.cpp">
      <Filter>Source Files</Filter>
    </ClCompile>
    <ClCompile Include="source\Engine\Collider.cpp">
      <Filter>Source Files</Filter>
    </ClCompile>
    <ClCompile Include="source\Engine\Sandbox.cpp">
      <Filter>Source Files</Filter>
    </ClCompile>
    <ClCompile Include="source\Engine\Camera.cpp">
      <Filter>Source Files</Filter>
    </ClCompile>
    <ClCompile Include="source\Engine\Light.cpp">
      <Filter>Source Files</Filter>
    </ClCompile>
    <ClCompile Include="source\Engine\TerrainGenerator.cpp">
      <Filter>Source Files</Filter>
    </ClCompile>
    <ClCompile Include="source\Engine\TerrainMesh.cpp">
      <Filter>Source Files</Filter>
    </ClCompile>
    <ClCompile Include="source\Engine\Terrain.cpp">
      <Filter>Source Files</Filter>
    </ClCompile>
    <ClCompile Include="source\Engine\TerrainObject.cpp">
      <Filter>Source Files</Filter>
    </ClCompile>
    <ClCompile Include="source\Renderer\TextOverlay.cpp">
      <Filter>Source Files</Filter>
    </ClCompile>
    <ClCompile Include="source\Maths\MathsCommon.cpp">
      <Filter>Source Files</Filter>
    </ClCompile>
    <ClCompile Include="source\Maths\Vec2.cpp">
      <Filter>Source Files</Filter>
    </ClCompile>
    <ClCompile Include="source\Maths\Vec3.cpp">
      <Filter>Source Files</Filter>
    </ClCompile>
    <ClCompile Include="source\Maths\Mat3x3.cpp">
      <Filter>Source Files</Filter>
    </ClCompile>
    <ClCompile Include="source\Maths\Mat4x4.cpp">
      <Filter>Source Files</Filter>
    </ClCompile>
  </ItemGroup>
  <ItemGroup>
    <None Include="source\Shaders\SceneBuffers.hlsli">
      <Filter>Shaders</Filter>
    </None>
    <None Include="source\Shaders\VertexShader.hlsl">
      <Filter>Shaders</Filter>
    </None>
    <None Include="source\Shaders\PixelShader.hlsl">
      <Filter>Shaders</Filter>
    </None>
  </ItemGroup>
</Project>